{
  "pins" : [
    {
      "identity" : "espeak-ng-spm",
      "kind" : "remoteSourceControl",
      "location" : "https://github.com/espeak-ng/espeak-ng-spm.git",
      "state" : {
        "branch" : "master",
        "revision" : "c452a0384793fc2d2964b43dca3fe4622b13bf14"
      }
    }
  ],
  "version" : 2
}
