{
  "pins" : [
    {
      "identity" : "espeak-ng-spm",
      "kind" : "remoteSourceControl",
      "location" : "https://github.com/espeak-ng/espeak-ng-spm.git",
      "state" : {
        "branch" : "master",
        "revision" : "3c01ef489b5ba0a9bfc43fdbff4c3c84b89c6717"
      }
    }
  ],
  "version" : 2
}
